
Microsoft Visual Studio Solution File, Format Version 11.00
# Visual Studio 2010
Project("{FAE04EC0-301F-11D3-BF4B-00C04F79EFBC}") = "Learning.JavaScript.Canvas", "Learning.JavaScript.Canvas\Learning.JavaScript.Canvas.csproj", "{574007D1-0A6B-44E2-BDE1-6E8BF2B9CBA6}"
EndProject
Global
	GlobalSection(SolutionConfigurationPlatforms) = preSolution
		Debug|Any CPU = Debug|Any CPU
		Release|Any CPU = Release|Any CPU
	EndGlobalSection
	GlobalSection(ProjectConfigurationPlatforms) = postSolution
		{574007D1-0A6B-44E2-BDE1-6E8BF2B9CBA6}.Debug|Any CPU.ActiveCfg = Debug|Any CPU
		{574007D1-0A6B-44E2-BDE1-6E8BF2B9CBA6}.Debug|Any CPU.Build.0 = Debug|Any CPU
		{574007D1-0A6B-44E2-BDE1-6E8BF2B9CBA6}.Release|Any CPU.ActiveCfg = Release|Any CPU
		{574007D1-0A6B-44E2-BDE1-6E8BF2B9CBA6}.Release|Any CPU.Build.0 = Release|Any CPU
	EndGlobalSection
	GlobalSection(SolutionProperties) = preSolution
		HideSolutionNode = FALSE
	EndGlobalSection
EndGlobal
